{
    "_meta": {
        "hash": {
            "sha256": "f91941cb46d80bce81b2321ba7d2763944bf60c0cc31a535613da0fd2e8b83e1"
        },
        "host-environment-markers": {
            "implementation_name": "cpython",
            "implementation_version": "3.6.3",
            "os_name": "posix",
            "platform_machine": "x86_64",
            "platform_python_implementation": "CPython",
            "platform_release": "17.2.0",
            "platform_system": "Darwin",
            "platform_version": "Darwin Kernel Version 17.2.0: Fri Sep 29 18:27:05 PDT 2017; root:xnu-4570.20.62~3/RELEASE_X86_64",
            "python_full_version": "3.6.3",
            "python_version": "3.6",
            "sys_platform": "darwin"
        },
        "pipfile-spec": 6,
        "requires": {},
        "sources": [
            {
                "name": "pypi",
                "url": "https://pypi.python.org/simple",
                "verify_ssl": true
            }
        ]
    },
    "default": {
        "aiohttp": {
            "hashes": [
                "sha256:250cbc0d82d596abcf3b01de9835e43bc587f5a8c99ef0d4f1fc1e8721c5cd53",
                "sha256:36c031e8b3710df521c6f12faa639c6ee4aff4c65e51ccc5f4113d1720d5a401",
                "sha256:0d447e03d4ae1e9afdb183818b5d52353bc3bf1705204730c6c3acd348639e69",
                "sha256:f1f79658b4b46b37199d9f1d71b2d34b2163c8adb589c5540f5ad2d79eb1de2f",
                "sha256:f1e1d414d07b2334642ba6547bb2059772de1e887c6c296092e4b47200a6ae1c",
                "sha256:56dec8192fd9174735ed6ed24ea8d74aa09ec3cd8d3218300f4eceaa7d65d2c8",
                "sha256:7f7776146aeef02042acc22a9212e17ce7e144983090d93fe12fe1b95ef376e2",
                "sha256:6d7a8015e490ad6e7e9fcf91ae5e92f668784f2bd3f4e66f2e66fe9be4758b24",
                "sha256:0595e93c17f02583764ec08fa4924f9fdf29fed44b39b6b38d350960040bf04b",
                "sha256:1ca67c9e5b279db6856555112013f944ea7e3e5585b682ce2e7aacfcf18cdde0",
                "sha256:1abe8c6fe5df9f18244952173b2c425cd3e2a03e0a5de6ed439f071fd3aa930b",
                "sha256:337811af434d5e257b9fc7e7365d213d37d9534d41f5034866a6b808fe23178b",
                "sha256:e58b2172e456dae4a36fcc5736ff3b66fabd3a61d14213d5f677b5a39eb34d47",
                "sha256:39606fe24eed40dfbd8e961f37f8438a64ecbddcbc4bc8162c23d0bfd14b3a8a",
                "sha256:3dd70c3204147720f7b2deec26323f576bcd38ef6cd46a6f234e1528e685da4f",
                "sha256:340778f9ec2c3e6da8943a376c35f588e1d69e16d8cf3522dd9475f6d656cd0f",
                "sha256:ec0aabf016ca5cc24a42e6dbd66df747ec86b9dac299e6c4dd980cff9745ab0c",
                "sha256:efab9175aab3f8773e56add6c827116658189f10b9e11359e90644db84953ffe",
                "sha256:5152f5f85c9d16d5a3a1123b9f52a3f33314378e59cf46d528aeea8126b99fde",
                "sha256:f8970430dd5f0a73d2b49985ee4e69286be175ac268802922479988e0ef12ae6",
                "sha256:dcd89fdb7f6e9d22bd90704dcc1949f1b45f7b5fde99c5e3acc58c987eeb6a73",
                "sha256:0a2e33e90560dacb819b095b9d9611597925d75d1b93dd9490055d3826d98a82"
            ],
            "version": "==2.3.3"
        },
        "async-timeout": {
            "hashes": [
                "sha256:d3a195a827b0f4068d1616ae2da04aac62e365d14f2b13dbc071f9feed9db4e2",
                "sha256:c17d8ac2d735d59aa62737d76f2787a6c938f5a944ecf768a8c0ab70b0dea566"
            ],
            "version": "==2.0.0"
        },
        "chardet": {
            "hashes": [
                "sha256:fc323ffcaeaed0e0a02bf4d117757b98aed530d9ed4531e3e15460124c106691",
                "sha256:84ab92ed1c4d4f16916e05906b6b75a6c0fb5db821cc65e70cbd64a3e2a5eaae"
            ],
            "version": "==3.0.4"
        },
        "ecdsa": {
            "hashes": [
                "sha256:40d002cf360d0e035cf2cb985e1308d41aaa087cbfc135b2dc2d844296ea546c",
                "sha256:64cf1ee26d1cde3c73c6d7d107f835fed7c6a2904aef9eac223d57ad800c43fa"
            ],
            "version": "==0.13"
        },
        "multidict": {
            "hashes": [
                "sha256:d12dfcff45b5c0eb3d586289cbf928012e75f93f10f4b9d7af903acb07b3c226",
                "sha256:f7deb65a184cbe757faaf4c6d2b8f203cb1a11dd44603a34d7befc343253d5bf",
                "sha256:80ad69b8330135b52a6da7a1f0ab6a278025bb72ea08768966785c829f515a6f",
                "sha256:3261b631cd6d079e6a20def3306b433794f800ea896dce4f1d5e833ad9bf6f26",
                "sha256:80e2bd17ea98fe77867771e1ee03433a54fa492a8413966a6caa766bdd6d6e62",
                "sha256:8eb59892040198741944eafca0c34be4da6b58be7fddf6e491a2d9e7e1767548",
                "sha256:24ec0d645ca70981e1c84e97e48c874b47f4970a173c8c751be9c213a8658e40",
                "sha256:167558cfb7c43077b3d8602142109f2b52fae0841a7ff97eb0a7443db199f303",
                "sha256:80abc93d197e24fb7c5aa5a8be3eacbcbc7115a2ff64e46162a4c2b46cd2f75a",
                "sha256:ff2b92a41df2e4c5cafaefb782469f3e6053ed00026d75a398521096192d0408",
                "sha256:5cfb63f0ddfa86ce6e80eee64e4fe886f9dfdb6dbbd724997bccb66513b0e29f",
                "sha256:50dac1151e34974b04419073ee9726f4180c6daf3454fd4af258824a19ad8c1d",
                "sha256:ebf1ba2af62dbaa37cf3db346830bb43d40d05a5f1f1966888a620f9b795e7c7",
                "sha256:3f513f3bf933d7cb6f5741f6676d4fac1e96aa634161c071974f9bb86a7bbac9",
                "sha256:ef6dc6e2d51b6058aa62cdd44dbf02c250c19eee6ff0065babc0ac126b068d43",
                "sha256:90dc3b8fefc58a865d64957f8f901d724250ba2a40e02f49d0df0103e96f5afa",
                "sha256:70630854b820d73ae102440123df38c983d77cd4ae444f3930a6bb6bbda87b76",
                "sha256:faf2b6447521d2075d03fb5e7c5467bac68f67df1c69e034ebca3afb6b3c619d",
                "sha256:eb7d5d39463137726138fc14c8458131136b8f4b06ba65f1cecd7aa6abe91df1",
                "sha256:fa04df1503fae7045883c57db47ba0c07de2ebe4a91c3e64d56f20d3d99e5dc8",
                "sha256:bce16633f3ee88863e4c9bcd7e037a6133c56fd9e7e7c0776bbaeeddcf154ac4",
                "sha256:f82e61c7408ed0dce1862100db55595481911f159d6ddec0b375d35b6449509b"
            ],
            "version": "==3.3.2"
        },
        "yarl": {
            "hashes": [
                "sha256:ef62ed11542934be938759de50ecb9b9b1fe4bc31329fbf93be0bc79d8f958c9",
                "sha256:512911d0e0fa7970bb59402011f232bba03c56f1f77bae80264e0a370448d309",
                "sha256:b982b6a89be5c2d4ec160c899c39d1b1a93f0595d955f1c6694a462ee3b62033",
                "sha256:57e962e253065d532828072468bbaf9e7304749244b0da9ab6b5ff2868cb260e",
                "sha256:dd1f598d09b78a36d053cf75b474c2815c4c7e2e609014b3d0cd4872ba1383cb",
                "sha256:60d28f0202b520b8d8e7a4468964c76214e2849bf9a70427dd43a3145d64ab20",
                "sha256:520ec764a1d39a3af0b8ef53cc639efb833f695abf30211e233c23c9f62c5d68",
                "sha256:e4e4c36d7aabcea8cb5377fbbed16af695a1c99ff08b8a8c55317ad77e7bc75d",
                "sha256:3b6659d2c4bf4483945e78125a00cfdce4dd27aeb0331ed88cdcdd1ba33b1871",
                "sha256:28ff0d2c7b2326b90f5613e3e4081853fc8d52cc29c2fda7f54852125c469b93",
                "sha256:0789677506dc15a7f9677de897fb351417a04c28d45923437068ca254920530a",
                "sha256:5f3c6a3a8b2e249adc6baeb7bbef5c1c46430fe646ba7afce022d96f9b033802",
                "sha256:e3cace21c8044457eb3a54506b99b267974c80280d3accfc7f22e70170f87ea8"
            ],
            "version": "==0.14.2"
        }
    },
    "develop": {
        "appnope": {
            "hashes": [
                "sha256:5b26757dc6f79a3b7dc9fab95359328d5747fcb2409d331ea66d0272b90ab2a0",
                "sha256:8b995ffe925347a2138d7ac0fe77155e4311a0ea6d6da4f5128fe4b3cbe5ed71"
            ],
            "markers": "sys_platform == 'darwin'",
            "version": "==0.1.0"
        },
        "decorator": {
            "hashes": [
                "sha256:95a26b17806e284452bfd97fa20aa1e8cb4ee23542bda4dbac5e4562aa1642cd",
                "sha256:7cb64d38cb8002971710c8899fbdfb859a23a364b7c99dab19d1f719c2ba16b5"
            ],
            "version": "==4.1.2"
        },
        "ipython": {
            "hashes": [
                "sha256:fcc6d46f08c3c4de7b15ae1c426e15be1b7932bcda9d83ce1a4304e8c1129df3",
                "sha256:51c158a6c8b899898d1c91c6b51a34110196815cc905f9be0fa5878e19355608"
            ],
            "version": "==6.2.1"
        },
        "ipython-genutils": {
            "hashes": [
                "sha256:72dd37233799e619666c9f639a9da83c34013a73e8bbc79a7a6348d93c61fab8",
                "sha256:eb2e116e75ecef9d4d228fdc66af54269afa26ab4463042e33785b887c628ba8"
            ],
            "version": "==0.2.0"
        },
        "jedi": {
            "hashes": [
                "sha256:3af518490ffcd00a3074c135b42511e081575e9abd115c216a34491411ceebb0",
                "sha256:f6d5973573e76b1fd2ea75f6dcd6445d02d41ff3af5fc61b275b4e323d1dd396"
            ],
            "version": "==0.11.0"
        },
        "parso": {
            "hashes": [
                "sha256:b573acb69f66a970197b5fdbbdfad3b8a417a520e383133b2b4e708f104bfc9a",
                "sha256:c5279916bb417aa2bf634648ff895cf35dce371d7319744884827bfad06f8d7b"
            ],
            "version": "==0.1.0"
        },
        "pexpect": {
            "hashes": [
                "sha256:2b50dd8caa5007b10b0afcf075095814780b104b4a5cf9d8fbdc8bbc754e5ca4",
                "sha256:00ab0872f80f5db740499e7a1283a7c3b97bea542d72df84d83dea17d0afd2d9"
            ],
            "markers": "sys_platform != 'win32'",
            "version": "==4.3.0"
        },
        "pickleshare": {
            "hashes": [
                "sha256:c9a2541f25aeabc070f12f452e1f2a8eae2abd51e1cd19e8430402bdf4c1d8b5",
                "sha256:84a9257227dfdd6fe1b4be1319096c20eb85ff1e82c7932f36efccfe1b09737b"
            ],
            "version": "==0.7.4"
        },
        "prompt-toolkit": {
            "hashes": [
                "sha256:3f473ae040ddaa52b52f97f6b4a493cfa9f5920c255a12dc56a7d34397a398a4",
                "sha256:1df952620eccb399c53ebb359cc7d9a8d3a9538cb34c5a1344bdbeb29fbcc381",
                "sha256:858588f1983ca497f1cf4ffde01d978a3ea02b01c8a26a8bbc5cd2e66d816917"
            ],
            "version": "==1.0.15"
        },
        "ptyprocess": {
            "hashes": [
                "sha256:e8c43b5eee76b2083a9badde89fd1bbce6c8942d1045146e100b7b5e014f4f1a",
                "sha256:e64193f0047ad603b71f202332ab5527c5e52aa7c8b609704fc28c0dc20c4365"
            ],
            "version": "==0.5.2"
        },
        "pudb": {
            "hashes": [
                "sha256:aac8cb5008402e0189055f0288d9379c855c8506ab70f4c47cc7459925fa348a"
            ],
            "version": "==2017.1.4"
        },
        "pygments": {
            "hashes": [
                "sha256:78f3f434bcc5d6ee09020f92ba487f95ba50f1e3ef83ae96b9d5ffa1bab25c5d",
                "sha256:dbae1046def0efb574852fab9e90209b23f556367b5a320c0bcb871c77c3e8cc"
            ],
            "version": "==2.2.0"
        },
        "simplegeneric": {
            "hashes": [
                "sha256:dc972e06094b9af5b855b3df4a646395e43d1c9d0d39ed345b7393560d0b9173"
            ],
            "version": "==0.8.1"
        },
        "six": {
            "hashes": [
                "sha256:832dc0e10feb1aa2c68dcc57dbb658f1c7e65b9b61af69048abc87a2db00a0eb",
                "sha256:70e8a77beed4562e7f14fe23a786b54f6296e34344c23bc42f07b15018ff98e9"
            ],
            "version": "==1.11.0"
        },
        "traitlets": {
            "hashes": [
                "sha256:c6cb5e6f57c5a9bdaa40fa71ce7b4af30298fbab9ece9815b5d995ab6217c7d9",
                "sha256:9c4bd2d267b7153df9152698efb1050a5d84982d3384a37b2c1f7723ba3e7835"
            ],
            "version": "==4.3.2"
        },
        "urwid": {
            "hashes": [
                "sha256:cfcec03e36de25a1073e2e35c2c7b0cc6969b85745715c3a025a31d9786896a1"
            ],
            "version": "==1.3.1"
        },
        "wcwidth": {
            "hashes": [
                "sha256:f4ebe71925af7b40a864553f761ed559b43544f8f71746c2d756c7fe788ade7c",
                "sha256:3df37372226d6e63e1b1e1eda15c594bca98a22d33a23832a90998faa96bc65e"
            ],
            "version": "==0.1.7"
        }
    }
}
